
Microsoft Visual Studio Solution File, Format Version 12.00
# Visual Studio Version 17
VisualStudioVersion = 17.11.35303.130
MinimumVisualStudioVersion = 10.0.40219.1
Project("{9A19103F-16F7-4668-BE54-9A1E7A4F7556}") = "Bodegro", "Bodegro.csproj", "{81EEE43C-271B-4D22-881D-2D5DC493C8A8}"
EndProject
Project("{9A19103F-16F7-4668-BE54-9A1E7A4F7556}") = "BodegroBusinessLayer", "..\BodegroBusinessLayer\BodegroBusinessLayer.csproj", "{E9E39A1D-342C-4D8B-87BE-291C5356AD06}"
EndProject
Project("{9A19103F-16F7-4668-BE54-9A1E7A4F7556}") = "BodegroDatabaseLayer", "..\BodegroDatabaseLayer\BodegroDatabaseLayer.csproj", "{F0F56B7D-4751-4831-91EB-0C6D6D3BF1D4}"
EndProject
Project("{FAE04EC0-301F-11D3-BF4B-00C04F79EFBC}") = "Bodegro2FALibrary", "..\Bodegro2FALibrary\Bodegro2FALibrary.csproj", "{91BE89B9-1A2D-4EED-92AA-6DFB77BBA1CB}"
EndProject
Global
	GlobalSection(SolutionConfigurationPlatforms) = preSolution
		Debug|Any CPU = Debug|Any CPU
		Release|Any CPU = Release|Any CPU
	EndGlobalSection
	GlobalSection(ProjectConfigurationPlatforms) = postSolution
		{81EEE43C-271B-4D22-881D-2D5DC493C8A8}.Debug|Any CPU.ActiveCfg = Debug|Any CPU
		{81EEE43C-271B-4D22-881D-2D5DC493C8A8}.Debug|Any CPU.Build.0 = Debug|Any CPU
		{81EEE43C-271B-4D22-881D-2D5DC493C8A8}.Release|Any CPU.ActiveCfg = Release|Any CPU
		{81EEE43C-271B-4D22-881D-2D5DC493C8A8}.Release|Any CPU.Build.0 = Release|Any CPU
		{E9E39A1D-342C-4D8B-87BE-291C5356AD06}.Debug|Any CPU.ActiveCfg = Debug|Any CPU
		{E9E39A1D-342C-4D8B-87BE-291C5356AD06}.Debug|Any CPU.Build.0 = Debug|Any CPU
		{E9E39A1D-342C-4D8B-87BE-291C5356AD06}.Release|Any CPU.ActiveCfg = Release|Any CPU
		{E9E39A1D-342C-4D8B-87BE-291C5356AD06}.Release|Any CPU.Build.0 = Release|Any CPU
		{F0F56B7D-4751-4831-91EB-0C6D6D3BF1D4}.Debug|Any CPU.ActiveCfg = Debug|Any CPU
		{F0F56B7D-4751-4831-91EB-0C6D6D3BF1D4}.Debug|Any CPU.Build.0 = Debug|Any CPU
		{F0F56B7D-4751-4831-91EB-0C6D6D3BF1D4}.Release|Any CPU.ActiveCfg = Release|Any CPU
		{F0F56B7D-4751-4831-91EB-0C6D6D3BF1D4}.Release|Any CPU.Build.0 = Release|Any CPU
		{91BE89B9-1A2D-4EED-92AA-6DFB77BBA1CB}.Debug|Any CPU.ActiveCfg = Debug|Any CPU
		{91BE89B9-1A2D-4EED-92AA-6DFB77BBA1CB}.Debug|Any CPU.Build.0 = Debug|Any CPU
		{91BE89B9-1A2D-4EED-92AA-6DFB77BBA1CB}.Release|Any CPU.ActiveCfg = Release|Any CPU
		{91BE89B9-1A2D-4EED-92AA-6DFB77BBA1CB}.Release|Any CPU.Build.0 = Release|Any CPU
	EndGlobalSection
	GlobalSection(SolutionProperties) = preSolution
		HideSolutionNode = FALSE
	EndGlobalSection
	GlobalSection(ExtensibilityGlobals) = postSolution
		SolutionGuid = {521BF092-7035-4EF8-9DA7-6D01F5B40553}
	EndGlobalSection
EndGlobal
