
Microsoft Visual Studio Solution File, Format Version 12.00
# Visual Studio Version 17
VisualStudioVersion = 17.11.35222.181
MinimumVisualStudioVersion = 10.0.40219.1
Project("{9A19103F-16F7-4668-BE54-9A1E7A4F7556}") = "BodegroASP", "BodegroASP\BodegroASP.csproj", "{9C2BE72D-AB40-4C91-8B55-4BB385E06BE7}"
EndProject
Project("{9A19103F-16F7-4668-BE54-9A1E7A4F7556}") = "Domain", "BLL\Domain.csproj", "{160E3C3A-7592-4D41-90AA-A61FE56CA496}"
EndProject
Project("{9A19103F-16F7-4668-BE54-9A1E7A4F7556}") = "TwoFactor", "2FA\TwoFactor.csproj", "{D18AE99E-534A-4BD2-A90B-7778B855ACE8}"
EndProject
Project("{9A19103F-16F7-4668-BE54-9A1E7A4F7556}") = "Interfaces", "Interfaces\Interfaces.csproj", "{5BEE05B4-05F1-45B7-AEB7-FE6AE4F71548}"
EndProject
Project("{9A19103F-16F7-4668-BE54-9A1E7A4F7556}") = "DAL", "DAL\DAL.csproj", "{D6F24713-AF0B-4505-9990-D4A0AFE294D8}"
EndProject
Project("{9A19103F-16F7-4668-BE54-9A1E7A4F7556}") = "DTO", "DTO\DTO.csproj", "{2C8FD1A9-63C3-4EBE-BE8A-301819CDF8E9}"
EndProject
Project("{9A19103F-16F7-4668-BE54-9A1E7A4F7556}") = "BodegroTestPlan", "BodegroTestPlan\BodegroTestPlan.csproj", "{A1DA12B2-FE31-49BE-A61A-DEEEDEED0CE5}"
	ProjectSection(ProjectDependencies) = postProject
		{160E3C3A-7592-4D41-90AA-A61FE56CA496} = {160E3C3A-7592-4D41-90AA-A61FE56CA496}
		{D18AE99E-534A-4BD2-A90B-7778B855ACE8} = {D18AE99E-534A-4BD2-A90B-7778B855ACE8}
		{D6F24713-AF0B-4505-9990-D4A0AFE294D8} = {D6F24713-AF0B-4505-9990-D4A0AFE294D8}
	EndProjectSection
EndProject
Global
	GlobalSection(SolutionConfigurationPlatforms) = preSolution
		Debug|Any CPU = Debug|Any CPU
		Release|Any CPU = Release|Any CPU
	EndGlobalSection
	GlobalSection(ProjectConfigurationPlatforms) = postSolution
		{9C2BE72D-AB40-4C91-8B55-4BB385E06BE7}.Debug|Any CPU.ActiveCfg = Debug|Any CPU
		{9C2BE72D-AB40-4C91-8B55-4BB385E06BE7}.Debug|Any CPU.Build.0 = Debug|Any CPU
		{9C2BE72D-AB40-4C91-8B55-4BB385E06BE7}.Release|Any CPU.ActiveCfg = Release|Any CPU
		{9C2BE72D-AB40-4C91-8B55-4BB385E06BE7}.Release|Any CPU.Build.0 = Release|Any CPU
		{160E3C3A-7592-4D41-90AA-A61FE56CA496}.Debug|Any CPU.ActiveCfg = Debug|Any CPU
		{160E3C3A-7592-4D41-90AA-A61FE56CA496}.Debug|Any CPU.Build.0 = Debug|Any CPU
		{160E3C3A-7592-4D41-90AA-A61FE56CA496}.Release|Any CPU.ActiveCfg = Release|Any CPU
		{160E3C3A-7592-4D41-90AA-A61FE56CA496}.Release|Any CPU.Build.0 = Release|Any CPU
		{D18AE99E-534A-4BD2-A90B-7778B855ACE8}.Debug|Any CPU.ActiveCfg = Debug|Any CPU
		{D18AE99E-534A-4BD2-A90B-7778B855ACE8}.Debug|Any CPU.Build.0 = Debug|Any CPU
		{D18AE99E-534A-4BD2-A90B-7778B855ACE8}.Release|Any CPU.ActiveCfg = Release|Any CPU
		{D18AE99E-534A-4BD2-A90B-7778B855ACE8}.Release|Any CPU.Build.0 = Release|Any CPU
		{5BEE05B4-05F1-45B7-AEB7-FE6AE4F71548}.Debug|Any CPU.ActiveCfg = Debug|Any CPU
		{5BEE05B4-05F1-45B7-AEB7-FE6AE4F71548}.Debug|Any CPU.Build.0 = Debug|Any CPU
		{5BEE05B4-05F1-45B7-AEB7-FE6AE4F71548}.Release|Any CPU.ActiveCfg = Release|Any CPU
		{5BEE05B4-05F1-45B7-AEB7-FE6AE4F71548}.Release|Any CPU.Build.0 = Release|Any CPU
		{D6F24713-AF0B-4505-9990-D4A0AFE294D8}.Debug|Any CPU.ActiveCfg = Debug|Any CPU
		{D6F24713-AF0B-4505-9990-D4A0AFE294D8}.Debug|Any CPU.Build.0 = Debug|Any CPU
		{D6F24713-AF0B-4505-9990-D4A0AFE294D8}.Release|Any CPU.ActiveCfg = Release|Any CPU
		{D6F24713-AF0B-4505-9990-D4A0AFE294D8}.Release|Any CPU.Build.0 = Release|Any CPU
		{2C8FD1A9-63C3-4EBE-BE8A-301819CDF8E9}.Debug|Any CPU.ActiveCfg = Debug|Any CPU
		{2C8FD1A9-63C3-4EBE-BE8A-301819CDF8E9}.Debug|Any CPU.Build.0 = Debug|Any CPU
		{2C8FD1A9-63C3-4EBE-BE8A-301819CDF8E9}.Release|Any CPU.ActiveCfg = Release|Any CPU
		{2C8FD1A9-63C3-4EBE-BE8A-301819CDF8E9}.Release|Any CPU.Build.0 = Release|Any CPU
		{A1DA12B2-FE31-49BE-A61A-DEEEDEED0CE5}.Debug|Any CPU.ActiveCfg = Debug|Any CPU
		{A1DA12B2-FE31-49BE-A61A-DEEEDEED0CE5}.Debug|Any CPU.Build.0 = Debug|Any CPU
		{A1DA12B2-FE31-49BE-A61A-DEEEDEED0CE5}.Release|Any CPU.ActiveCfg = Release|Any CPU
		{A1DA12B2-FE31-49BE-A61A-DEEEDEED0CE5}.Release|Any CPU.Build.0 = Release|Any CPU
	EndGlobalSection
	GlobalSection(SolutionProperties) = preSolution
		HideSolutionNode = FALSE
	EndGlobalSection
	GlobalSection(ExtensibilityGlobals) = postSolution
		SolutionGuid = {8E9D73A1-8433-44EE-BCB6-7B409D85B68E}
	EndGlobalSection
EndGlobal
